
Microsoft Visual Studio Solution File, Format Version 12.00
# Visual Studio 2013
VisualStudioVersion = 12.0.31101.0
MinimumVisualStudioVersion = 10.0.40219.1
Project("{FAE04EC0-301F-11D3-BF4B-00C04F79EFBC}") = "MoviesAngular", "MoviesAngular\MoviesAngular.csproj", "{AD86E92D-06B8-4AC4-8EF0-CCB205ECBA48}"
EndProject
Project("{FAE04EC0-301F-11D3-BF4B-00C04F79EFBC}") = "MoviesAngular.Tests", "MoviesAngular.Tests\MoviesAngular.Tests.csproj", "{07B89D16-785D-4E20-8B8D-611E568C49D9}"
EndProject
Global
	GlobalSection(SolutionConfigurationPlatforms) = preSolution
		Debug|Any CPU = Debug|Any CPU
		Release|Any CPU = Release|Any CPU
	EndGlobalSection
	GlobalSection(ProjectConfigurationPlatforms) = postSolution
		{AD86E92D-06B8-4AC4-8EF0-CCB205ECBA48}.Debug|Any CPU.ActiveCfg = Debug|Any CPU
		{AD86E92D-06B8-4AC4-8EF0-CCB205ECBA48}.Debug|Any CPU.Build.0 = Debug|Any CPU
		{AD86E92D-06B8-4AC4-8EF0-CCB205ECBA48}.Release|Any CPU.ActiveCfg = Release|Any CPU
		{AD86E92D-06B8-4AC4-8EF0-CCB205ECBA48}.Release|Any CPU.Build.0 = Release|Any CPU
		{07B89D16-785D-4E20-8B8D-611E568C49D9}.Debug|Any CPU.ActiveCfg = Debug|Any CPU
		{07B89D16-785D-4E20-8B8D-611E568C49D9}.Debug|Any CPU.Build.0 = Debug|Any CPU
		{07B89D16-785D-4E20-8B8D-611E568C49D9}.Release|Any CPU.ActiveCfg = Release|Any CPU
		{07B89D16-785D-4E20-8B8D-611E568C49D9}.Release|Any CPU.Build.0 = Release|Any CPU
	EndGlobalSection
	GlobalSection(SolutionProperties) = preSolution
		HideSolutionNode = FALSE
	EndGlobalSection
EndGlobal
